hash: b68f7c8a3b59d7dac3e12321ed6a2265b553c2856ae70e0ed5e960ba8412f8d8
updated: 2016-06-21T09:22:02.569941705-07:00
imports:
- name: github.com/antonholmquist/jason
  version: ""
- name: github.com/BurntSushi/toml
  version: ""
- name: github.com/ChannelMeter/iso8601duration
  version: 50c5e6cb61d6f5a3c449ab0b12f1996160626a94
- name: github.com/fsnotify/fsnotify
  version: 50c5e6cb61d6f5a3c449ab0b12f1996160626a94
- name: github.com/golang/protobuf
  version: 50c5e6cb61d6f5a3c449ab0b12f1996160626a94
  subpackages:
  - proto
- name: github.com/hashicorp/hcl
  version: 50c5e6cb61d6f5a3c449ab0b12f1996160626a94
  subpackages:
  - hcl/ast
  - hcl/parser
  - hcl/token
  - json/parser
  - hcl/scanner
  - hcl/strconv
  - json/scanner
  - json/token
- name: github.com/layeh/gopus
  version: 50c5e6cb61d6f5a3c449ab0b12f1996160626a94
- name: github.com/layeh/gumble
  version: 50c5e6cb61d6f5a3c449ab0b12f1996160626a94
  subpackages:
  - gumble
  - gumbleffmpeg
  - gumbleutil
  - opus
  - gumble/MumbleProto
  - gumble/varint
- name: github.com/magiconair/properties
  version: 50c5e6cb61d6f5a3c449ab0b12f1996160626a94
- name: github.com/mitchellh/mapstructure
  version: 50c5e6cb61d6f5a3c449ab0b12f1996160626a94
- name: github.com/Sirupsen/logrus
  version: ""
- name: github.com/spf13/cast
  version: 50c5e6cb61d6f5a3c449ab0b12f1996160626a94
- name: github.com/spf13/jwalterweatherman
  version: 50c5e6cb61d6f5a3c449ab0b12f1996160626a94
- name: github.com/spf13/pflag
  version: 50c5e6cb61d6f5a3c449ab0b12f1996160626a94
- name: github.com/spf13/viper
  version: 50c5e6cb61d6f5a3c449ab0b12f1996160626a94
- name: github.com/stretchr/testify
  version: ""
- name: github.com/urfave/cli
  version: ""
- name: golang.org/x/sys
  version: 50c5e6cb61d6f5a3c449ab0b12f1996160626a94
  subpackages:
  - unix
- name: gopkg.in/yaml.v2
  version: 50c5e6cb61d6f5a3c449ab0b12f1996160626a94
devImports: []
