github.com/BurntSushi/toml v0.2.0 h1:OthAm9ZSUx4uAmn3WbPwc06nowWrByRwBsYRhbmFjBs=
github.com/BurntSushi/toml v0.2.0/go.mod h1:xHWCNGjB5oqiDr8zfno3MHue2Ht5sIBksp03qcyfWMU=
github.com/ChannelMeter/iso8601duration v0.0.0-20150204201828-8da3af7a2a61 h1:N5Vqww5QISEHsWHOWDEx4PzdIay3Cg0Jp7zItq2ZAro=
github.com/ChannelMeter/iso8601duration v0.0.0-20150204201828-8da3af7a2a61/go.mod h1:GnKXcK+7DYNy/8w2Ex//Uql4IgfaU82Cd5rWKb7ah00=
github.com/antonholmquist/jason v1.0.0 h1:Ytg94Bcf1Bfi965K2q0s22mig/n4eGqEij/atENBhA0=
github.com/antonholmquist/jason v1.0.0/go.mod h1:+GxMEKI0Va2U8h3os6oiUAetHAlGMvxjdpAH/9uvUMA=
github.com/channelmeter/iso8601duration v0.0.0-20150204201828-8da3af7a2a61 h1:o64h9XF42kVEUuhuer2ehqrlX8rZmvQSU0+Vpj1rF6Q=
github.com/channelmeter/iso8601duration v0.0.0-20150204201828-8da3af7a2a61/go.mod h1:Rp8e0DCtEKwXFOC6JPJQVTz8tuGoGvw6Xfexggh/ed0=
github.com/davecgh/go-spew v1.1.0 h1:ZDRjVQ15GmhC3fiQ8ni8+OwkZQO4DARzQgrnXU1Liz8=
github.com/davecgh/go-spew v1.1.0/go.mod h1:J7Y8YcW2NihsgmVo/mv3lAwl/skON4iLHjSsI+c5H38=
github.com/davecgh/go-spew v1.1.1 h1:vj9j/u1bqnvCEfJOwUhtlOARqs3+rkHYY13jYWTU97c=
github.com/davecgh/go-spew v1.1.1/go.mod h1:J7Y8YcW2NihsgmVo/mv3lAwl/skON4iLHjSsI+c5H38=
github.com/fatih/structs v1.1.0 h1:Q7juDM0QtcnhCpeyLGQKyg4TOIghuNXrkL32pHAUMxo=
github.com/fatih/structs v1.1.0/go.mod h1:9NiDSp5zOcgEDl+j00MP/WkGVPOlPRLejGD8Ga6PJ7M=
github.com/fsnotify/fsnotify v1.3.1 h1:Ls7eCFzutKKUlbY8E5wXfcRWGH4qLQxkDoydIPh94X4=
github.com/fsnotify/fsnotify v1.3.1/go.mod h1:jwhsz4b93w/PPRr/qN1Yymfu8t87LnFCMoQvtojpjFo=
github.com/gobuffalo/envy v1.6.5/go.mod h1:N+GkhhZ/93bGZc6ZKhJLP6+m+tCNPKwgSpH9kaifseQ=
github.com/gobuffalo/envy v1.6.15 h1:OsV5vOpHYUpP7ZLS6sem1y40/lNX1BZj+ynMiRi21lQ=
github.com/gobuffalo/envy v1.6.15/go.mod h1:n7DRkBerg/aorDM8kbduw5dN3oXGswK5liaSCx4T5NI=
github.com/gobuffalo/flect v0.1.1 h1:GTZJjJufv9FxgRs1+0Soo3wj+Md3kTUmTER/YE4uINA=
github.com/gobuffalo/flect v0.1.1/go.mod h1:8JCgGVbRjJhVgD6399mQr4fx5rRfGKVzFjbj6RE/9UI=
github.com/gobuffalo/genny v0.0.0-20190329151137-27723ad26ef9 h1:lGw35M+JVpedVCf08hSiBHKpp3FPTKqt6qRdXMSVAq0=
github.com/gobuffalo/genny v0.0.0-20190329151137-27723ad26ef9/go.mod h1:rWs4Z12d1Zbf19rlsn0nurr75KqhYp52EAGGxTbBhNk=
github.com/gobuffalo/github_flavored_markdown v1.0.7 h1:Vjvz4wqOnviiLEfTh5bh270b3lhpJiwwQEWOWmHMwY8=
github.com/gobuffalo/github_flavored_markdown v1.0.7/go.mod h1:w93Pd9Lz6LvyQXEG6DktTPHkOtCbr+arAD5mkwMzXLI=
github.com/gobuffalo/gogen v0.0.0-20190315121717-8f38393713f5 h1:f3Fpd5AqsFuTHUEhUeEMIFJkX8FpVnzdW+GpYxIyXkA=
github.com/gobuffalo/gogen v0.0.0-20190315121717-8f38393713f5/go.mod h1:V9QVDIxsgKNZs6L2IYiGR8datgMhB577vzTDqypH360=
github.com/gobuffalo/logger v0.0.0-20190315122211-86e12af44bc2 h1:8thhT+kUJMTMy3HlX4+y9Da+BNJck+p109tqqKp7WDs=
github.com/gobuffalo/logger v0.0.0-20190315122211-86e12af44bc2/go.mod h1:QdxcLw541hSGtBnhUc4gaNIXRjiDppFGaDqzbrBd3v8=
github.com/gobuffalo/mapi v1.0.1 h1:JRuTiZzDEZhBHkFiHTxJkYRT6CbYuL0K/rn+1byJoEA=
github.com/gobuffalo/mapi v1.0.1/go.mod h1:4VAGh89y6rVOvm5A8fKFxYG+wIW6LO1FMTG9hnKStFc=
github.com/gobuffalo/meta v0.0.0-20190329152330-e161e8a93e3b h1:clEiBk0NcX6wX7jKQ4MZzw/ihe3NWupFF3eDj8BO++c=
github.com/gobuffalo/meta v0.0.0-20190329152330-e161e8a93e3b/go.mod h1:mCRSy5F47tjK8yaIDcJad4oe9fXxY5gLrx3Xx2spK+0=
github.com/gobuffalo/packd v0.0.0-20190315124812-a385830c7fc0 h1:P6naWPiHm/7R3eYx/ub3VhaW9G+1xAMJ6vzACePaGPI=
github.com/gobuffalo/packd v0.0.0-20190315124812-a385830c7fc0/go.mod h1:M2Juc+hhDXf/PnmBANFCqx4DM3wRbgDvnVWeG2RIxq4=
github.com/gobuffalo/packr/v2 v2.0.9 h1:g8P4tjthK0vAu2aopXlNNxCNsnGsWd+dbZLdc3fHSYk=
github.com/gobuffalo/packr/v2 v2.0.9/go.mod h1:emmyGweYTm6Kdper+iywB6YK5YzuKchGtJQZ0Odn4pQ=
github.com/gobuffalo/plush v3.7.33+incompatible h1:wpCuypoZo1UlvYsLx+ERYpo0YhF+DSo2SSanVgRpMOg=
github.com/gobuffalo/plush v3.7.33+incompatible/go.mod h1:rQ4zdtUUyZNqULlc6bqd5scsPfLKfT0+TGMChgduDvI=
github.com/gobuffalo/plushgen v0.0.0-20190329152458-0555238fe0d9 h1:pGzlMs/E3vcKfhedY5dPDRabXSjNWREgH8ayEwOnNiA=
github.com/gobuffalo/plushgen v0.0.0-20190329152458-0555238fe0d9/go.mod h1:3U71v6HWZpVER1nInTXeAwdoRNsRd4W8aeIa1Lyp+Bk=
github.com/gobuffalo/syncx v0.0.0-20190224160051-33c29581e754 h1:tpom+2CJmpzAWj5/VEHync2rJGi+epHNIeRSWjzGA+4=
github.com/gobuffalo/syncx v0.0.0-20190224160051-33c29581e754/go.mod h1:HhnNqWY95UYwwW3uSASeV7vtgYkT2t16hJgV3AEPUpw=
github.com/gobuffalo/tags v2.0.16+incompatible h1:7cEL1XVLLIFZ8Io7bzFg0AJMihpilzZVRoetn1nKglQ=
github.com/gobuffalo/tags v2.0.16+incompatible/go.mod h1:9XmhOkyaB7UzvuY4UoZO4s67q8/xRMVJEaakauVQYeY=
github.com/gobuffalo/uuid v2.0.5+incompatible h1:c5uWRuEnYggYCrT9AJm0U2v1QTG7OVDAvxhj8tIV5Gc=
github.com/gobuffalo/uuid v2.0.5+incompatible/go.mod h1:ErhIzkRhm0FtRuiE/PeORqcw4cVi1RtSpnwYrxuvkfE=
github.com/gobuffalo/validate v2.0.3+incompatible h1:6f4JCEz11Zi6iIlexMv7Jz10RBPvgI795AOaubtCwTE=
github.com/gobuffalo/validate v2.0.3+incompatible/go.mod h1:N+EtDe0J8252BgfzQUChBgfd6L93m9weay53EWFVsMM=
github.com/gofrs/uuid v3.2.0+incompatible h1:y12jRkkFxsd7GpqdSZ+/KCs/fJbqpEXSGd4+jfEaewE=
github.com/gofrs/uuid v3.2.0+incompatible/go.mod h1:b2aQJv3Z4Fp6yNu3cdSllBxTCLRxnplIgP/c0N/04lM=
github.com/golang/protobuf v0.0.0-20160629211053-3852dcfda249 h1:JoR1abFZv6RJ3mizcGQA/75wXGKO2jb1YmMWBElfiUk=
github.com/golang/protobuf v0.0.0-20160629211053-3852dcfda249/go.mod h1:6lQm79b+lXiMfvg/cZm0SGofjICqVBUtrP5yJMmIC1U=
github.com/hashicorp/hcl v0.0.0-20160708141338-364df430845a h1:kABSmTPUjBq2MDFgn9GduPa9Cmyt/4CfxqwRvGhJy3w=
github.com/hashicorp/hcl v0.0.0-20160708141338-364df430845a/go.mod h1:oZtUIOe8dh44I2q6ScRibXws4Ajl+d+nod3AaR9vL5w=
github.com/inconshreveable/mousetrap v1.0.0/go.mod h1:PxqpIevigyE2G7u3NXJIT2ANytuPF1OarO4DADm73n8=
github.com/joho/godotenv v1.3.0 h1:Zjp+RcGpHhGlrMbJzXTrZZPrWj+1vfm90La1wgB6Bhc=
github.com/joho/godotenv v1.3.0/go.mod h1:7hK45KPybAkOC6peb+G5yklZfMxEjkZhHbwpqxOKXbg=
github.com/karrick/godirwalk v1.8.0 h1:ycpSqVon/QJJoaT1t8sae0tp1Stg21j+dyuS7OoagcA=
github.com/karrick/godirwalk v1.8.0/go.mod h1:H5KPZjojv4lE+QYImBI8xVtrBRgYrIVsaRPx4tDPEn4=
github.com/konsorten/go-windows-terminal-sequences v1.0.1 h1:mweAR1A6xJ3oS2pRaGiHgQ4OO8tzTaLawm8vnODuwDk=
github.com/konsorten/go-windows-terminal-sequences v1.0.1/go.mod h1:T0+1ngSBFLxvqU3pZ+m/2kptfBszLMUkC4ZK/EgS/cQ=
github.com/konsorten/go-windows-terminal-sequences v1.0.2 h1:DB17ag19krx9CFsz4o3enTrPXyIXCl+2iCXH/aMAp9s=
github.com/konsorten/go-windows-terminal-sequences v1.0.2/go.mod h1:T0+1ngSBFLxvqU3pZ+m/2kptfBszLMUkC4ZK/EgS/cQ=
github.com/kr/pretty v0.1.0 h1:L/CwN0zerZDmRFUapSPitk6f+Q3+0za1rQkzVuMiMFI=
github.com/kr/pretty v0.1.0/go.mod h1:dAy3ld7l9f0ibDNOQOHHMYYIIbhfbHSm3C4ZsoJORNo=
github.com/kr/pty v1.1.1/go.mod h1:pFQYn66WHrOpPYNljwOMqo10TkYh1fy3cYio2l3bCsQ=
github.com/kr/text v0.1.0 h1:45sCR5RtlFHMR4UwH9sdQ5TC8v0qDQCHnXt+kaKSTVE=
github.com/kr/text v0.1.0/go.mod h1:4Jbv+DJW3UT/LiOwJeYQe1efqtUx/iVham/4vfdArNI=
github.com/layeh/gopus v0.0.0-20160824205406-3b3b051ce828 h1:ouLpl7X/O5KiuOVSLgYtIfKbJ+rDNZCTc6p/t5BUu6c=
github.com/layeh/gopus v0.0.0-20160824205406-3b3b051ce828/go.mod h1:l3amQeFtdEiZjPsh58I61tySy8v+DC9rDxp4nHyG3uM=
github.com/layeh/gumble v0.0.0-20160711221831-f0a4a2992fa9 h1:KrJNaL5Ld0y84KUedbGD5ZXIlmSoPy3oo2NAQYVkZjQ=
github.com/layeh/gumble v0.0.0-20160711221831-f0a4a2992fa9/go.mod h1:fFNDjYExS2/KiVg9/RY+Al8mRNkmcraQ3O4ghyiYWAE=
github.com/magiconair/properties v0.0.0-20160705171333-e2f061ecfdac h1:/xI6aRnY4BgjSWHDIScMwMzkJdrW0YCy86RvOAzxs9o=
github.com/magiconair/properties v0.0.0-20160705171333-e2f061ecfdac/go.mod h1:PppfXfuXeibc/6YijjN8zIbojt8czPbwD3XqdrwzmxQ=
github.com/markbates/inflect v1.0.4 h1:5fh1gzTFhfae06u3hzHYO9xe3l3v3nW5Pwt3naLTP5g=
github.com/markbates/inflect v1.0.4/go.mod h1:1fR9+pO2KHEO9ZRtto13gDwwZaAKstQzferVeWqbgNs=
github.com/markbates/oncer v0.0.0-20181203154359-bf2de49a0be2 h1:JgVTCPf0uBVcUSWpyXmGpgOc62nK5HWUBKAGc3Qqa5k=
github.com/markbates/oncer v0.0.0-20181203154359-bf2de49a0be2/go.mod h1:Ld9puTsIW75CHf65OeIOkyKbteujpZVXDpWK6YGZbxE=
github.com/markbates/safe v1.0.1 h1:yjZkbvRM6IzKj9tlu/zMJLS0n/V351OZWRnF3QfaUxI=
github.com/markbates/safe v1.0.1/go.mod h1:nAqgmRi7cY2nqMc92/bSEeQA+R4OheNU2T1kNSCBdG0=
github.com/microcosm-cc/bluemonday v1.0.1 h1:SIYunPjnlXcW+gVfvm0IlSeR5U3WZUOLfVmqg85Go44=
github.com/microcosm-cc/bluemonday v1.0.1/go.mod h1:hsXNsILzKxV+sX77C5b8FSuKF00vh2OMYv+xgHpAMF4=
github.com/mitchellh/mapstructure v0.0.0-20160212031839-d2dd02622084 h1:Z2EJ6SUYrzx6J/YH/ltZthkUQTB/5+Ykpkew6y9DGJE=
github.com/mitchellh/mapstructure v0.0.0-20160212031839-d2dd02622084/go.mod h1:FVVH3fgwuzCH5S8UJGiWEs2h04kUh9fWfEaFds41c1Y=
github.com/pkg/errors v0.8.0 h1:WdK/asTD0HN+q6hsWO3/vpuAkAr+tw6aNJNDFFf0+qw=
github.com/pkg/errors v0.8.0/go.mod h1:bwawxfHBFNV+L2hUp1rHADufV3IMtnDRdf1r5NINEl0=
github.com/pkg/errors v0.8.1 h1:iURUrRGxPUNPdy5/HRSm+Yj6okJ6UtLINN0Q9M4+h3I=
github.com/pkg/errors v0.8.1/go.mod h1:bwawxfHBFNV+L2hUp1rHADufV3IMtnDRdf1r5NINEl0=
github.com/pmezard/go-difflib v1.0.0 h1:4DBwDE0NGyQoBHbLQYPwSUPoCMWR5BEzIk/f1lZbAQM=
github.com/pmezard/go-difflib v1.0.0/go.mod h1:iKH77koFhYxTK1pcRnkKkqfTogsbg7gZNVY4sRDYZ/4=
github.com/rogpeppe/go-internal v1.1.0/go.mod h1:M8bDsm7K2OlrFYOpmOWEs/qY81heoFRclV5y23lUDJ4=
github.com/rogpeppe/go-internal v1.2.2 h1:J7U/N7eRtzjhs26d6GqMh2HBuXP8/Z64Densiiieafo=
github.com/rogpeppe/go-internal v1.2.2/go.mod h1:M8bDsm7K2OlrFYOpmOWEs/qY81heoFRclV5y23lUDJ4=
github.com/serenize/snaker v0.0.0-20171204205717-a683aaf2d516 h1:ofR1ZdrNSkiWcMsRrubK9tb2/SlZVWttAfqUjJi6QYc=
github.com/serenize/snaker v0.0.0-20171204205717-a683aaf2d516/go.mod h1:Yow6lPLSAXx2ifx470yD/nUe22Dv5vBvxK/UK9UUTVs=
github.com/sergi/go-diff v1.0.0 h1:Kpca3qRNrduNnOQeazBd0ysaKrUJiIuISHxogkT9RPQ=
github.com/sergi/go-diff v1.0.0/go.mod h1:0CfEIISq7TuYL3j771MWULgwwjU+GofnZX9QAmXWZgo=
github.com/sirupsen/logrus v1.4.0 h1:yKenngtzGh+cUSSh6GWbxW2abRqhYUSR/t/6+2QqNvE=
github.com/sirupsen/logrus v1.4.0/go.mod h1:LxeOpSwHxABJmUn/MG1IvRgCAasNZTLOkJPxbbu5VWo=
github.com/sourcegraph/annotate v0.0.0-20160123013949-f4cad6c6324d h1:yKm7XZV6j9Ev6lojP2XaIshpT4ymkqhMeSghO5Ps00E=
github.com/sourcegraph/annotate v0.0.0-20160123013949-f4cad6c6324d/go.mod h1:UdhH50NIW0fCiwBSr0co2m7BnFLdv4fQTgdqdJTHFeE=
github.com/sourcegraph/syntaxhighlight v0.0.0-20170531221838-bd320f5d308e h1:qpG93cPwA5f7s/ZPBJnGOYQNK/vKsaDaseuKT5Asee8=
github.com/sourcegraph/syntaxhighlight v0.0.0-20170531221838-bd320f5d308e/go.mod h1:HuIsMU8RRBOtsCgI77wP899iHVBQpCmg4ErYMZB+2IA=
github.com/spf13/cast v0.0.0-20160314192028-27b586b42e29 h1:Lgc6pP3ludnufG3ehP2WboB0IIKxlizm8NvXsI0/Z58=
github.com/spf13/cast v0.0.0-20160314192028-27b586b42e29/go.mod h1:r2rcYCSwa1IExKTDiTfzaxqT2FNHs8hODu4LnUfgKEg=
github.com/spf13/cobra v0.0.3 h1:ZlrZ4XsMRm04Fr5pSFxBgfND2EBVa1nLpiy1stUsX/8=
github.com/spf13/cobra v0.0.3/go.mod h1:1l0Ry5zgKvJasoi3XT1TypsSe7PqH0Sj9dhYf7v3XqQ=
github.com/spf13/jwalterweatherman v0.0.0-20160311093646-33c24e77fb80 h1:evyGXhHMrxKBDkdlSPv9HMWV2o53o+Ibhm28BGc0450=
github.com/spf13/jwalterweatherman v0.0.0-20160311093646-33c24e77fb80/go.mod h1:cQK4TGJAtQXfYWX+Ddv3mKDzgVb68N+wFjFa4jdeBTo=
github.com/spf13/pflag v1.0.3 h1:zPAT6CGy6wXeQ7NtTnaTerfKOsV6V6F8agHXFiazDkg=
github.com/spf13/pflag v1.0.3/go.mod h1:DYY7MBk1bdzusC3SYhjObp+wFpr4gzcvqqNjLnInEg4=
github.com/spf13/viper v0.0.0-20160605220307-c1ccc378a054 h1:HFSscibvPFmnVZEdvDyS3kGPjuw8WuSOENhdLLhTd40=
github.com/spf13/viper v0.0.0-20160605220307-c1ccc378a054/go.mod h1:A8kyI5cUJhb8N+3pkfONlcEcZbueH6nhAm0Fq7SrnBM=
github.com/stretchr/objx v0.1.0/go.mod h1:HFkY916IF+rwdDfMAkV7OtwuqBVzrE8GR6GFx+wExME=
github.com/stretchr/objx v0.1.1/go.mod h1:HFkY916IF+rwdDfMAkV7OtwuqBVzrE8GR6GFx+wExME=
github.com/stretchr/testify v1.2.2/go.mod h1:a8OnRcib4nhh0OaRAV+Yts87kKdq0PP7pXfy6kDkUVs=
github.com/stretchr/testify v1.3.0 h1:TivCn/peBQ7UY8ooIcPgZFpTNSz0Q2U6UrFlUfqbe0Q=
github.com/stretchr/testify v1.3.0/go.mod h1:M5WIy9Dh21IEIfnGCwXGc5bZfKNJtfHm1UVUgZn+9EI=
github.com/urfave/cli v1.17.0 h1:pxxCYHgqkpprfAbC/5DlBd/n5TQkQpEY/qwERAr4vkE=
github.com/urfave/cli v1.17.0/go.mod h1:70zkFmudgCuE/ngEzBv17Jvp/497gISqfk5gWijbERA=
golang.org/x/crypto v0.0.0-20180904163835-0709b304e793/go.mod h1:6SG95UA2DQfeDnfUPMdvaQW0Q7yPrPDi9nlGo2tz2b4=
golang.org/x/crypto v0.0.0-20190308221718-c2843e01d9a2 h1:VklqNMn3ovrHsnt90PveolxSbWFaJdECFbxSq0Mqo2M=
golang.org/x/crypto v0.0.0-20190308221718-c2843e01d9a2/go.mod h1:djNgcEr1/C05ACkg1iLfiJU5Ep61QUkGW8qpdssI0+w=
golang.org/x/crypto v0.0.0-20190325154230-a5d413f7728c h1:Vj5n4GlwjmQteupaxJ9+0FNOmBrHfq7vN4btdGoDZgI=
golang.org/x/crypto v0.0.0-20190325154230-a5d413f7728c/go.mod h1:djNgcEr1/C05ACkg1iLfiJU5Ep61QUkGW8qpdssI0+w=
golang.org/x/net v0.0.0-20181023162649-9b4f9f5ad519/go.mod h1:mL1N/T3taQHkDXs73rZJwtUhF3w3ftmwwsq0BUmARs4=
golang.org/x/net v0.0.0-20190311183353-d8887717615a h1:oWX7TPOiFAMXLq8o0ikBYfCJVlRHBcsciT5bXOrH628=
golang.org/x/net v0.0.0-20190311183353-d8887717615a/go.mod h1:t9HGtf8HONx5eT2rtn7q6eTqICYqUVnKs3thJo3Qplg=
golang.org/x/sync v0.0.0-20190227155943-e225da77a7e6 h1:bjcUS9ztw9kFmmIxJInhon/0Is3p+EHBKNgquIzo1OI=
golang.org/x/sync v0.0.0-20190227155943-e225da77a7e6/go.mod h1:RxMgew5VJxzue5/jJTE5uejpjVlOe/izrB70Jof72aM=
golang.org/x/sys v0.0.0-20180905080454-ebe1bf3edb33/go.mod h1:STP8DvDyc/dI5b8T5hshtkjS+E42TnysNCUPdjciGhY=
golang.org/x/sys v0.0.0-20190215142949-d0b11bdaac8a h1:1BGLXjeY4akVXGgbC9HugT3Jv3hCI0z56oJR5vAMgBU=
golang.org/x/sys v0.0.0-20190215142949-d0b11bdaac8a/go.mod h1:STP8DvDyc/dI5b8T5hshtkjS+E42TnysNCUPdjciGhY=
golang.org/x/sys v0.0.0-20190329044733-9eb1bfa1ce65 h1:hOY+O8MxdkPV10pNf7/XEHaySCiPKxixMKUshfHsGn0=
golang.org/x/sys v0.0.0-20190329044733-9eb1bfa1ce65/go.mod h1:h1NjWce9XRLGQEsW7wpKNCjG9DtNlClVuFLEZdDNbEs=
golang.org/x/text v0.3.0/go.mod h1:NqM8EUOU14njkJ3fqMW+pc6Ldnwhi/IjpwHt7yyuwOQ=
golang.org/x/tools v0.0.0-20190329151228-23e29df326fe h1:tilCFoChsm7TcjFUH5YtBjno7wDleRO+6jICJg0WDS0=
golang.org/x/tools v0.0.0-20190329151228-23e29df326fe/go.mod h1:LCzVGOaR6xXOjkQ3onu1FJEFr0SW1gC7cKk1uF8kGRs=
gopkg.in/check.v1 v1.0.0-20180628173108-788fd7840127 h1:qIbj1fsPNlZgppZ+VLlY7N33q108Sa+fhmuc+sWQYwY=
gopkg.in/check.v1 v1.0.0-20180628173108-788fd7840127/go.mod h1:Co6ibVJAznAaIkqp8huTwlJQCZ016jof/cbN4VW5Yz0=
gopkg.in/errgo.v2 v2.1.0/go.mod h1:hNsd1EY+bozCKY1Ytp96fpM3vjJbqLJn88ws8XvfDNI=
gopkg.in/yaml.v2 v2.0.0-20160301204022-a83829b6f129 h1:RBgb9aPUbZ9nu66ecQNIBNsA7j3mB5h8PNDIfhPjaJg=
gopkg.in/yaml.v2 v2.0.0-20160301204022-a83829b6f129/go.mod h1:JAlM8MvJe8wmxCU4Bli9HhUf9+ttbYbLASfIpnQbh74=
